{
  "name": "example",
  "version": "1.0.0",
  "lockfileVersion": 3,
  "requires": true,
  "packages": {
    "": {
      "name": "example",
      "version": "1.0.0",
      "license": "ISC",
      "dependencies": {
        "serverless-docs-only": "file:../src"
      }
    },
    "../src": {},
    "node_modules/serverless-docs-only": {
      "resolved": "../src",
      "link": true
    }
  }
}
